
Microsoft Visual Studio Solution File, Format Version 12.00
# Visual Studio Version 16
VisualStudioVersion = 16.0.30028.174
MinimumVisualStudioVersion = 10.0.40219.1
Project("{FAE04EC0-301F-11D3-BF4B-00C04F79EFBC}") = "wpf-tomsk-asu", "wpf-tomsk-asu.csproj", "{CA9E4A81-357D-4542-910A-CC1639FEF26A}"
EndProject
Global
	GlobalSection(SolutionConfigurationPlatforms) = preSolution
		Debug|Any CPU = Debug|Any CPU
		Release|Any CPU = Release|Any CPU
	EndGlobalSection
	GlobalSection(ProjectConfigurationPlatforms) = postSolution
		{CA9E4A81-357D-4542-910A-CC1639FEF26A}.Debug|Any CPU.ActiveCfg = Debug|Any CPU
		{CA9E4A81-357D-4542-910A-CC1639FEF26A}.Debug|Any CPU.Build.0 = Debug|Any CPU
		{CA9E4A81-357D-4542-910A-CC1639FEF26A}.Release|Any CPU.ActiveCfg = Release|Any CPU
		{CA9E4A81-357D-4542-910A-CC1639FEF26A}.Release|Any CPU.Build.0 = Release|Any CPU
	EndGlobalSection
	GlobalSection(SolutionProperties) = preSolution
		HideSolutionNode = FALSE
	EndGlobalSection
	GlobalSection(ExtensibilityGlobals) = postSolution
		SolutionGuid = {8762E18F-B26C-4C41-9906-5068AB85D557}
	EndGlobalSection
EndGlobal
